{
    "_readme": [
        "This file locks the dependencies of your project to a known state",
        "Read more about it at https://getcomposer.org/doc/01-basic-usage.md#composer-lock-the-lock-file",
        "This file is @generated automatically"
    ],
    "content-hash": "f278e454ded1f54cdae499d70fcdaac7",
    "packages": [
        {
            "name": "brandonwamboldt/utilphp",
            "version": "1.1.0",
            "source": {
                "type": "git",
                "url": "https://github.com/brandonwamboldt/utilphp.git",
                "reference": "36c32efc4f0679c05163464a550f45c8d83fe683"
            },
            "dist": {
                "type": "zip",
                "url": "https://api.github.com/repos/brandonwamboldt/utilphp/zipball/36c32efc4f0679c05163464a550f45c8d83fe683",
                "reference": "36c32efc4f0679c05163464a550f45c8d83fe683",
                "shasum": ""
            },
            "require": {
                "php": ">=5.3.3"
            },
            "require-dev": {
                "satooshi/php-coveralls": "dev-master"
            },
            "type": "library",
            "autoload": {
                "psr-0": {
                    "utilphp\\": "src/"
                }
            },
            "notification-url": "https://packagist.org/downloads/",
            "license": [
                "MIT"
            ],
            "authors": [
                {
                    "name": "Brandon Wamboldt",
                    "email": "brandon.wamboldt@gmail.com"
                }
            ],
            "description": "util.php is a collection of useful functions and snippets that you need or could use every day, designed to avoid conflicts with existing projects",
            "homepage": "https://github.com/brandonwamboldt/utilphp",
            "keywords": [
                "collection",
                "helpers",
                "php",
                "utility"
            ],
            "time": "2015-02-02T17:56:14+00:00"
        },
        {
            "name": "davedevelopment/stiphle",
            "version": "dev-master",
            "source": {
                "type": "git",
                "url": "https://github.com/davedevelopment/stiphle.git",
                "reference": "c714ba50275e41b6c77cb90c06cedd1c24e61fc3"
            },
            "dist": {
                "type": "zip",
                "url": "https://api.github.com/repos/davedevelopment/stiphle/zipball/c714ba50275e41b6c77cb90c06cedd1c24e61fc3",
                "reference": "c714ba50275e41b6c77cb90c06cedd1c24e61fc3",
                "shasum": ""
            },
            "require": {
                "php": ">=5.3.1"
            },
            "require-dev": {
                "phpunit/phpunit": "^5.5",
                "predis/predis": "^1.1"
            },
            "suggest": {
                "doctrine/cache": "~1.0",
                "predis/predis": "~1.1"
            },
            "type": "library",
            "autoload": {
                "psr-0": {
                    "Stiphle": "src/"
                }
            },
            "notification-url": "https://packagist.org/downloads/",
            "license": [
                "MIT"
            ],
            "authors": [
                {
                    "name": "Dave Marshall",
                    "email": "dave.marshall@atstsolutions.co.uk",
                    "homepage": "http://davedevelopment.co.uk"
                }
            ],
            "description": "Simple rate limiting/throttling for php",
            "homepage": "http://github.com/davedevelopment/stiphle",
            "keywords": [
                "rate limit",
                "rate limiting",
                "throttle",
                "throttling"
            ],
            "time": "2017-01-11 07:18:09"
        }
    ],
    "packages-dev": [],
    "aliases": [],
    "minimum-stability": "stable",
    "stability-flags": {
        "davedevelopment/stiphle": 20
    },
    "prefer-stable": false,
    "prefer-lowest": false,
    "platform": [],
    "platform-dev": []
}
